
Microsoft Visual Studio Solution File, Format Version 12.00
# Visual Studio Version 17
VisualStudioVersion = 17.14.36202.13 d17.14
MinimumVisualStudioVersion = 10.0.40219.1
Project("{FAE04EC0-301F-11D3-BF4B-00C04F79EFBC}") = "cargotracking", "cargotracking\cargotracking.csproj", "{F6A73B8D-A974-4B38-A6EE-813E68F73F5E}"
EndProject
Global
	GlobalSection(SolutionConfigurationPlatforms) = preSolution
		Debug|Any CPU = Debug|Any CPU
		Release|Any CPU = Release|Any CPU
	EndGlobalSection
	GlobalSection(ProjectConfigurationPlatforms) = postSolution
		{F6A73B8D-A974-4B38-A6EE-813E68F73F5E}.Debug|Any CPU.ActiveCfg = Debug|Any CPU
		{F6A73B8D-A974-4B38-A6EE-813E68F73F5E}.Debug|Any CPU.Build.0 = Debug|Any CPU
		{F6A73B8D-A974-4B38-A6EE-813E68F73F5E}.Release|Any CPU.ActiveCfg = Release|Any CPU
		{F6A73B8D-A974-4B38-A6EE-813E68F73F5E}.Release|Any CPU.Build.0 = Release|Any CPU
	EndGlobalSection
	GlobalSection(SolutionProperties) = preSolution
		HideSolutionNode = FALSE
	EndGlobalSection
	GlobalSection(ExtensibilityGlobals) = postSolution
		SolutionGuid = {8E052ED8-A4B1-45BD-A123-D7099462230F}
	EndGlobalSection
EndGlobal
